
Microsoft Visual Studio Solution File, Format Version 12.00
# Visual Studio Version 16
VisualStudioVersion = 16.0.29215.179
MinimumVisualStudioVersion = 10.0.40219.1
Project("{FAE04EC0-301F-11D3-BF4B-00C04F79EFBC}") = "Zlozonosc", "Zlozonosc\Zlozonosc.csproj", "{F77D409A-D266-4989-B37F-9E56E61950AD}"
EndProject
Project("{FAE04EC0-301F-11D3-BF4B-00C04F79EFBC}") = "ZlozonoscAlgorithm", "ZlozonoscAlgorithm\ZlozonoscAlgorithm.csproj", "{6B87106D-7E5E-4FB2-9205-6FAD540D62F7}"
EndProject
Project("{FAE04EC0-301F-11D3-BF4B-00C04F79EFBC}") = "ZlozonoscLogger", "ZlozonoscLogger\ZlozonoscLogger.csproj", "{744FF334-3578-4304-AE79-075965308714}"
EndProject
Global
	GlobalSection(SolutionConfigurationPlatforms) = preSolution
		Debug|Any CPU = Debug|Any CPU
		Release|Any CPU = Release|Any CPU
	EndGlobalSection
	GlobalSection(ProjectConfigurationPlatforms) = postSolution
		{F77D409A-D266-4989-B37F-9E56E61950AD}.Debug|Any CPU.ActiveCfg = Debug|Any CPU
		{F77D409A-D266-4989-B37F-9E56E61950AD}.Debug|Any CPU.Build.0 = Debug|Any CPU
		{F77D409A-D266-4989-B37F-9E56E61950AD}.Release|Any CPU.ActiveCfg = Release|Any CPU
		{F77D409A-D266-4989-B37F-9E56E61950AD}.Release|Any CPU.Build.0 = Release|Any CPU
		{6B87106D-7E5E-4FB2-9205-6FAD540D62F7}.Debug|Any CPU.ActiveCfg = Debug|Any CPU
		{6B87106D-7E5E-4FB2-9205-6FAD540D62F7}.Debug|Any CPU.Build.0 = Debug|Any CPU
		{6B87106D-7E5E-4FB2-9205-6FAD540D62F7}.Release|Any CPU.ActiveCfg = Release|Any CPU
		{6B87106D-7E5E-4FB2-9205-6FAD540D62F7}.Release|Any CPU.Build.0 = Release|Any CPU
		{744FF334-3578-4304-AE79-075965308714}.Debug|Any CPU.ActiveCfg = Debug|Any CPU
		{744FF334-3578-4304-AE79-075965308714}.Debug|Any CPU.Build.0 = Debug|Any CPU
		{744FF334-3578-4304-AE79-075965308714}.Release|Any CPU.ActiveCfg = Release|Any CPU
		{744FF334-3578-4304-AE79-075965308714}.Release|Any CPU.Build.0 = Release|Any CPU
	EndGlobalSection
	GlobalSection(SolutionProperties) = preSolution
		HideSolutionNode = FALSE
	EndGlobalSection
	GlobalSection(ExtensibilityGlobals) = postSolution
		SolutionGuid = {E7E48561-E226-4A73-9CCD-62E9849D40CF}
	EndGlobalSection
EndGlobal
